
Microsoft Visual Studio Solution File, Format Version 12.00
# Visual Studio Version 16
VisualStudioVersion = 16.0.31624.102
MinimumVisualStudioVersion = 10.0.40219.1
Project("{FAE04EC0-301F-11D3-BF4B-00C04F79EFBC}") = "DoAn_CSDL", "DoAn_CSDL\DoAn_CSDL.csproj", "{B05AFB5C-8BE0-4490-8EC6-F430ABA1CDE0}"
EndProject
Project("{FAE04EC0-301F-11D3-BF4B-00C04F79EFBC}") = "APIs", "APIs\APIs.csproj", "{BCB157FD-DF37-4522-97B1-00EE777B3BDE}"
EndProject
Global
	GlobalSection(SolutionConfigurationPlatforms) = preSolution
		Debug|Any CPU = Debug|Any CPU
		Release|Any CPU = Release|Any CPU
	EndGlobalSection
	GlobalSection(ProjectConfigurationPlatforms) = postSolution
		{B05AFB5C-8BE0-4490-8EC6-F430ABA1CDE0}.Debug|Any CPU.ActiveCfg = Debug|Any CPU
		{B05AFB5C-8BE0-4490-8EC6-F430ABA1CDE0}.Debug|Any CPU.Build.0 = Debug|Any CPU
		{B05AFB5C-8BE0-4490-8EC6-F430ABA1CDE0}.Release|Any CPU.ActiveCfg = Release|Any CPU
		{B05AFB5C-8BE0-4490-8EC6-F430ABA1CDE0}.Release|Any CPU.Build.0 = Release|Any CPU
		{BCB157FD-DF37-4522-97B1-00EE777B3BDE}.Debug|Any CPU.ActiveCfg = Debug|Any CPU
		{BCB157FD-DF37-4522-97B1-00EE777B3BDE}.Debug|Any CPU.Build.0 = Debug|Any CPU
		{BCB157FD-DF37-4522-97B1-00EE777B3BDE}.Release|Any CPU.ActiveCfg = Release|Any CPU
		{BCB157FD-DF37-4522-97B1-00EE777B3BDE}.Release|Any CPU.Build.0 = Release|Any CPU
	EndGlobalSection
	GlobalSection(SolutionProperties) = preSolution
		HideSolutionNode = FALSE
	EndGlobalSection
	GlobalSection(ExtensibilityGlobals) = postSolution
		SolutionGuid = {4D9ED2E6-12EF-48F4-AB08-006584BB21D3}
	EndGlobalSection
EndGlobal
